
Microsoft Visual Studio Solution File, Format Version 12.00
# Visual Studio Version 16
VisualStudioVersion = 16.0.30717.126
MinimumVisualStudioVersion = 10.0.40219.1
Project("{FAE04EC0-301F-11D3-BF4B-00C04F79EFBC}") = "REGDI", "REGDI\REGDI.csproj", "{33FBFDA6-B828-413F-AC34-F3481885A6C9}"
EndProject
Project("{9A19103F-16F7-4668-BE54-9A1E7A4F7556}") = "REGDI.net5", "REGDI.net5\REGDI.net5.csproj", "{951B8C2A-1346-4937-989B-12DE1FA62434}"
EndProject
Global
	GlobalSection(SolutionConfigurationPlatforms) = preSolution
		Debug|Any CPU = Debug|Any CPU
		Release|Any CPU = Release|Any CPU
	EndGlobalSection
	GlobalSection(ProjectConfigurationPlatforms) = postSolution
		{33FBFDA6-B828-413F-AC34-F3481885A6C9}.Debug|Any CPU.ActiveCfg = Debug|Any CPU
		{33FBFDA6-B828-413F-AC34-F3481885A6C9}.Debug|Any CPU.Build.0 = Debug|Any CPU
		{33FBFDA6-B828-413F-AC34-F3481885A6C9}.Release|Any CPU.ActiveCfg = Release|Any CPU
		{33FBFDA6-B828-413F-AC34-F3481885A6C9}.Release|Any CPU.Build.0 = Release|Any CPU
		{951B8C2A-1346-4937-989B-12DE1FA62434}.Debug|Any CPU.ActiveCfg = Debug|Any CPU
		{951B8C2A-1346-4937-989B-12DE1FA62434}.Debug|Any CPU.Build.0 = Debug|Any CPU
		{951B8C2A-1346-4937-989B-12DE1FA62434}.Release|Any CPU.ActiveCfg = Release|Any CPU
		{951B8C2A-1346-4937-989B-12DE1FA62434}.Release|Any CPU.Build.0 = Release|Any CPU
	EndGlobalSection
	GlobalSection(SolutionProperties) = preSolution
		HideSolutionNode = FALSE
	EndGlobalSection
	GlobalSection(ExtensibilityGlobals) = postSolution
		SolutionGuid = {BB3F2E0E-AE87-4357-84D3-65A9585412F0}
	EndGlobalSection
EndGlobal
